# This file is automatically @generated by Cargo.
# It is not intended for manual editing.
version = 4

[[package]]
name = "oc-agent"
version = "0.1.0"

[[package]]
name = "oc-auth"
version = "0.1.0"

[[package]]
name = "oc-cli"
version = "0.1.0"

[[package]]
name = "oc-config"
version = "0.1.0"

[[package]]
name = "oc-global"
version = "0.1.0"

[[package]]
name = "oc-lsp"
version = "0.1.0"

[[package]]
name = "oc-mcp"
version = "0.1.0"

[[package]]
name = "oc-permission"
version = "0.1.0"

[[package]]
name = "oc-provider"
version = "0.1.0"

[[package]]
name = "oc-server"
version = "0.1.0"

[[package]]
name = "oc-session"
version = "0.1.0"

[[package]]
name = "oc-storage"
version = "0.1.0"

[[package]]
name = "oc-tool"
version = "0.1.0"
