{
  "lockfileVersion": 1,
  "configVersion": 1,
  "workspaces": {
    "": {
      "name": "golden-gen",
      "dependencies": {
        "jsonc-parser": "3.3.1",
        "remeda": "2.26.0",
        "xdg-basedir": "5.1.0",
      },
    },
  },
  "packages": {
    "jsonc-parser": ["jsonc-parser@3.3.1", "", {}, "sha512-HUgH65KyejrUFPvHFPbqOY0rsFip3Bo5wb4ngvdi1EpCYWUQDC5V+Y7mZws+DLkr4M//zQJoanu1SP+87Dv1oQ=="],

    "remeda": ["remeda@2.26.0", "", { "dependencies": { "type-fest": "^4.41.0" } }, "sha512-lmNNwtaC6Co4m0WTTNoZ/JlpjEqAjPZO0+czC9YVRQUpkbS4x8Hmh+Mn9HPfJfiXqUQ5IXXgSXSOB2pBKAytdA=="],

    "type-fest": ["type-fest@4.41.0", "", {}, "sha512-TeTSQ6H5YHvpqVwBRcnLDCBnDOHWYu7IvGbHT6N8AOymcr9PJGjc1GTtiWZTYg0NCgYwvnYWEkVChQAr9bjfwA=="],

    "xdg-basedir": ["xdg-basedir@5.1.0", "", {}, "sha512-GCPAHLvrIH13+c0SuacwvRYj2SxJXQ4kaVTT5xgL3kPrz56XxkF21IGhjSE1+W0aw7gpBWRGXLCPnPby6lSpmQ=="],
  }
}
